
Microsoft Visual Studio Solution File, Format Version 12.00
# Visual Studio 15
VisualStudioVersion = 15.0.27703.2018
MinimumVisualStudioVersion = 10.0.40219.1
Project("{9A19103F-16F7-4668-BE54-9A1E7A4F7556}") = "Identity By Permissions Example", "src\Identity By Permissions Example\Identity By Permissions Example.csproj", "{037EF9FB-A279-4C60-9BBE-82BE727DC988}"
EndProject
Project("{9A19103F-16F7-4668-BE54-9A1E7A4F7556}") = "AspNetCore.Identity.ByPermissions", "AspNetCore.Identity.ByPermissions\AspNetCore.Identity.ByPermissions.csproj", "{CA9AE6B3-D397-40B7-A40C-7AA10A935CF1}"
EndProject
Global
	GlobalSection(SolutionConfigurationPlatforms) = preSolution
		Debug|Any CPU = Debug|Any CPU
		Release|Any CPU = Release|Any CPU
	EndGlobalSection
	GlobalSection(ProjectConfigurationPlatforms) = postSolution
		{037EF9FB-A279-4C60-9BBE-82BE727DC988}.Debug|Any CPU.ActiveCfg = Debug|Any CPU
		{037EF9FB-A279-4C60-9BBE-82BE727DC988}.Debug|Any CPU.Build.0 = Debug|Any CPU
		{037EF9FB-A279-4C60-9BBE-82BE727DC988}.Release|Any CPU.ActiveCfg = Release|Any CPU
		{037EF9FB-A279-4C60-9BBE-82BE727DC988}.Release|Any CPU.Build.0 = Release|Any CPU
		{CA9AE6B3-D397-40B7-A40C-7AA10A935CF1}.Debug|Any CPU.ActiveCfg = Debug|Any CPU
		{CA9AE6B3-D397-40B7-A40C-7AA10A935CF1}.Debug|Any CPU.Build.0 = Debug|Any CPU
		{CA9AE6B3-D397-40B7-A40C-7AA10A935CF1}.Release|Any CPU.ActiveCfg = Release|Any CPU
		{CA9AE6B3-D397-40B7-A40C-7AA10A935CF1}.Release|Any CPU.Build.0 = Release|Any CPU
	EndGlobalSection
	GlobalSection(SolutionProperties) = preSolution
		HideSolutionNode = FALSE
	EndGlobalSection
	GlobalSection(ExtensibilityGlobals) = postSolution
		SolutionGuid = {163D2BF0-17F6-49B4-AD36-BF04319535A2}
	EndGlobalSection
EndGlobal
